
Microsoft Visual Studio Solution File, Format Version 12.00
# Visual Studio Version 16
VisualStudioVersion = 16.0.29806.167
MinimumVisualStudioVersion = 10.0.40219.1
Project("{FAE04EC0-301F-11D3-BF4B-00C04F79EFBC}") = "Nghi - Git", "Nghi - Git.csproj", "{B0A486D1-BBB8-4323-BA9C-D8F5E2706A1A}"
EndProject
Global
	GlobalSection(SolutionConfigurationPlatforms) = preSolution
		Debug|Any CPU = Debug|Any CPU
		Release|Any CPU = Release|Any CPU
	EndGlobalSection
	GlobalSection(ProjectConfigurationPlatforms) = postSolution
		{B0A486D1-BBB8-4323-BA9C-D8F5E2706A1A}.Debug|Any CPU.ActiveCfg = Debug|Any CPU
		{B0A486D1-BBB8-4323-BA9C-D8F5E2706A1A}.Debug|Any CPU.Build.0 = Debug|Any CPU
		{B0A486D1-BBB8-4323-BA9C-D8F5E2706A1A}.Release|Any CPU.ActiveCfg = Release|Any CPU
		{B0A486D1-BBB8-4323-BA9C-D8F5E2706A1A}.Release|Any CPU.Build.0 = Release|Any CPU
	EndGlobalSection
	GlobalSection(SolutionProperties) = preSolution
		HideSolutionNode = FALSE
	EndGlobalSection
	GlobalSection(ExtensibilityGlobals) = postSolution
		SolutionGuid = {8DEA5C64-15D4-4FB7-A00D-7554654DEA4F}
	EndGlobalSection
EndGlobal
